{
  "projects": [
    {
      "projectId": "seaQhLVS4bbjiGvJJrRwyL",
      "version": "15.0.3",
      "dependencies": {},
      "lang": "ts",
      "fileLocks": [
        {
          "assetId": "seaQhLVS4bbjiGvJJrRwyL",
          "type": "projectCss",
          "checksum": "85f7ca190f576c5a2499623973afb625"
        }
      ]
    },
    {
      "projectId": "2ZopttkBn2UrrF8ShV1G31",
      "version": "latest",
      "dependencies": {
        "seaQhLVS4bbjiGvJJrRwyL": "15.0.3"
      },
      "lang": "ts",
      "fileLocks": [
        {
          "type": "globalVariant",
          "assetId": "B4qIDc-q-Iju3Y",
          "checksum": "acd8ba7587fd0f962bff5be890674451"
        },
        {
          "assetId": "2ZopttkBn2UrrF8ShV1G31",
          "type": "projectCss",
          "checksum": "3d663db564ac30b88462b624e3e5bd94"
        },
        {
          "type": "renderModule",
          "assetId": "WhsmvwL0AEqOG",
          "checksum": "7d5ca4b93686217e7eddf539ceb0a3db"
        },
        {
          "type": "cssRules",
          "assetId": "WhsmvwL0AEqOG",
          "checksum": "7d5ca4b93686217e7eddf539ceb0a3db"
        },
        {
          "type": "renderModule",
          "assetId": "iMnF7iUCZC9QR",
          "checksum": "317e6699e824a84a4ecb2e125545bcba"
        },
        {
          "type": "cssRules",
          "assetId": "iMnF7iUCZC9QR",
          "checksum": "317e6699e824a84a4ecb2e125545bcba"
        },
        {
          "type": "renderModule",
          "assetId": "kwJJVflWd0r-k",
          "checksum": "f598208c3e99ac95eafbc7e1f662c5cc"
        },
        {
          "type": "cssRules",
          "assetId": "kwJJVflWd0r-k",
          "checksum": "f598208c3e99ac95eafbc7e1f662c5cc"
        },
        {
          "type": "renderModule",
          "assetId": "U_D0s_be_wPIx",
          "checksum": "dc99ddc07cf51b3c11e6dc40ee4242c9"
        },
        {
          "type": "cssRules",
          "assetId": "U_D0s_be_wPIx",
          "checksum": "dc99ddc07cf51b3c11e6dc40ee4242c9"
        },
        {
          "type": "renderModule",
          "assetId": "wkeLS_cqPuA-Uh",
          "checksum": "7b628fea43ff44d43a2acb380694ec0b"
        },
        {
          "type": "cssRules",
          "assetId": "wkeLS_cqPuA-Uh",
          "checksum": "7b628fea43ff44d43a2acb380694ec0b"
        },
        {
          "type": "renderModule",
          "assetId": "nixZPkja_23WK1",
          "checksum": "814658491d1d6af80cee7ff19212e4d8"
        },
        {
          "type": "cssRules",
          "assetId": "nixZPkja_23WK1",
          "checksum": "814658491d1d6af80cee7ff19212e4d8"
        },
        {
          "type": "renderModule",
          "assetId": "6OBa2O5qVaQ-kM",
          "checksum": "5e2c5dda9e075b843b6b96ea8c5f6bd2"
        },
        {
          "type": "cssRules",
          "assetId": "6OBa2O5qVaQ-kM",
          "checksum": "5e2c5dda9e075b843b6b96ea8c5f6bd2"
        },
        {
          "type": "renderModule",
          "assetId": "OIZgoGMRx_l4AI",
          "checksum": "7cd78243aa746761b776ed52f617a484"
        },
        {
          "type": "cssRules",
          "assetId": "OIZgoGMRx_l4AI",
          "checksum": "7cd78243aa746761b776ed52f617a484"
        },
        {
          "type": "renderModule",
          "assetId": "BgbcMKyT0yf__w",
          "checksum": "004235f1c163fad9bb7ed7f596286542"
        },
        {
          "type": "cssRules",
          "assetId": "BgbcMKyT0yf__w",
          "checksum": "004235f1c163fad9bb7ed7f596286542"
        },
        {
          "type": "renderModule",
          "assetId": "5h6c7k_6xpcUBj",
          "checksum": "202e82781bc74d46f83157adc46da6e2"
        },
        {
          "type": "cssRules",
          "assetId": "5h6c7k_6xpcUBj",
          "checksum": "202e82781bc74d46f83157adc46da6e2"
        },
        {
          "type": "renderModule",
          "assetId": "FAMy9Jd3wSIBEr",
          "checksum": "4c108ccd6386c70e98d248147c260e5a"
        },
        {
          "type": "cssRules",
          "assetId": "FAMy9Jd3wSIBEr",
          "checksum": "4c108ccd6386c70e98d248147c260e5a"
        },
        {
          "type": "icon",
          "assetId": "bOwhG-Zuzh22He",
          "checksum": "6efe85571831947a86263990a2701420"
        },
        {
          "type": "icon",
          "assetId": "VGIhVN_TsHJRWa",
          "checksum": "3e4a989c66d71f958c180fb19443ad87"
        },
        {
          "type": "icon",
          "assetId": "Cnertkq8aAZUCd",
          "checksum": "21a84b79c1ae52f61a81e3397b3b939c"
        },
        {
          "type": "icon",
          "assetId": "SIPpQAwfBPWmb6",
          "checksum": "90906c1488cb72e44af7a1bb27f5a41d"
        },
        {
          "type": "icon",
          "assetId": "xNdABSs419JhwK",
          "checksum": "b9bca1c35af11075a54c9ad5c5f2c475"
        },
        {
          "type": "icon",
          "assetId": "ojHegEYufDJ9nd",
          "checksum": "25fbfac00f6c9a933b97581bb7f32c9f"
        },
        {
          "type": "icon",
          "assetId": "i-bQVQLpQjFlD8",
          "checksum": "97db3a7a845b753cd882e8026fbd17ea"
        },
        {
          "type": "icon",
          "assetId": "OOLURMbKogRIkJ",
          "checksum": "e74ee7f2b06027ccf7c2fd2cf67ac2da"
        },
        {
          "type": "icon",
          "assetId": "q6LEKOrnTHvA0T",
          "checksum": "40c13920a8745947f89a260e7a346e86"
        },
        {
          "type": "icon",
          "assetId": "ljU-eSH4WbMMwt",
          "checksum": "ba21b17aa492defc2a0f7836ef71e3fa"
        },
        {
          "type": "icon",
          "assetId": "9LJWCT7PEk6xWs",
          "checksum": "294d18fd23dd2df2787455f3400ca9eb"
        },
        {
          "type": "icon",
          "assetId": "Rwx9KTt2gJ1zlf",
          "checksum": "7a201156bbfb66fc11fe709fc0288d5e"
        },
        {
          "type": "icon",
          "assetId": "NpbWi19-ClOfhS",
          "checksum": "9a1e141a368eabcf2f0197e9312ef5f4"
        },
        {
          "type": "icon",
          "assetId": "xJ-qtX5hjgl5h-",
          "checksum": "367d57d04e7a956d6739281180512cd5"
        },
        {
          "type": "icon",
          "assetId": "gVOJqqn4aIlaG1",
          "checksum": "106c68710c70a63e15b117e15e8a87c2"
        },
        {
          "type": "icon",
          "assetId": "cyhHeXzWQk1m_l",
          "checksum": "0b0328930ac25da4fc879ca8ff6a7aa5"
        },
        {
          "type": "icon",
          "assetId": "M_Ru9ikP6VrbPQ",
          "checksum": "c735bb855bde893c501e3af06bff01da"
        },
        {
          "type": "image",
          "assetId": "C2dIK7HPsy-uLy",
          "checksum": "fd0b2f523f78506df3988da4f130a539"
        },
        {
          "type": "image",
          "assetId": "z-Aoq05_GIkirK",
          "checksum": "47afe16f81d2ead6afceb95fa4235fe1"
        },
        {
          "type": "image",
          "assetId": "eO8AVudpbdllEa",
          "checksum": "819ada8a67d151a68edcb76d222f9381"
        },
        {
          "type": "image",
          "assetId": "RwTQH6NqEngUxU",
          "checksum": "eb6e94146fc67e8024ae8fd66adbafae"
        },
        {
          "type": "image",
          "assetId": "CiEV3h9Woix0cl",
          "checksum": "18f8475ecaa95a3d4dcd04b470590a93"
        },
        {
          "type": "image",
          "assetId": "xOWAnrXJgoSDpj",
          "checksum": "3708cc126dab549b2bf5420b3fef928e"
        },
        {
          "type": "image",
          "assetId": "JZz2OqIIrcTjx_",
          "checksum": "d3bd1dbdf15c0758847d1e40a14cc88f"
        },
        {
          "type": "image",
          "assetId": "iWV81Z1uzhf2Xd",
          "checksum": "aaaf28ac88e877dee55f2e9bbcd6f123"
        },
        {
          "type": "image",
          "assetId": "ull_rmAT0-N3V9",
          "checksum": "b3cfb4b6aaf45533ed6ea6c696569b84"
        },
        {
          "type": "image",
          "assetId": "cR6hGWU1d0yNyw",
          "checksum": "f55319fee9c76b18e94b3bdfa4174332"
        },
        {
          "type": "image",
          "assetId": "-7hYGFrJG0MKut",
          "checksum": "0f0d68c87460f562c508e32f1cf2588e"
        },
        {
          "type": "image",
          "assetId": "bZnx78DM2mVMhE",
          "checksum": "e062904ce5c0763b5b817f4583396acb"
        },
        {
          "type": "image",
          "assetId": "AmccI-Su71skws",
          "checksum": "42d9e00ef00e826ddbddc6102cf15475"
        },
        {
          "type": "image",
          "assetId": "mdxCzBXwp0E_4j",
          "checksum": "1803b692cfd2c862bbf2b4d84aa9a646"
        },
        {
          "type": "image",
          "assetId": "yICY8nHTGb_1dq",
          "checksum": "09bef9459a6ce014f492194f477c3c73"
        },
        {
          "type": "image",
          "assetId": "CfWcNA_go_G9X4",
          "checksum": "163c61a559c4e0bd3042cc4f7b18241c"
        },
        {
          "type": "image",
          "assetId": "GgPj7h8wm14FN6",
          "checksum": "bb339c0cbf0b10db72f7b75d50fa6141"
        },
        {
          "type": "image",
          "assetId": "ouG0gg7jq2sAav",
          "checksum": "d57e5d4feffb60eda5bb5e7dc570ed50"
        },
        {
          "type": "image",
          "assetId": "VY5seCvxA6--l1",
          "checksum": "c9aa2f52d66bc927c4959be27dbb5cc1"
        },
        {
          "type": "image",
          "assetId": "1wj1EfuNJ7OKr_",
          "checksum": "fee027115532918de17999b8e898085a"
        },
        {
          "type": "image",
          "assetId": "amSOsUvobjeOGf",
          "checksum": "042d2ba7735cf31bd5fc9868da007853"
        },
        {
          "type": "image",
          "assetId": "2WBhQSJewpNDK8",
          "checksum": "255bb5706cce7b64e5f0b2a6414c3944"
        },
        {
          "type": "image",
          "assetId": "QlXLXJrjy0OFIg",
          "checksum": "39c5d5394923186408ed92e4dec641a9"
        },
        {
          "type": "image",
          "assetId": "BuoqQ9US9T1l1Q",
          "checksum": "ea56219c5e9db4b6fe5ba10edbf63618"
        },
        {
          "type": "image",
          "assetId": "ufg70KEt3ku0Jo",
          "checksum": "4d140b522e38709f64efaaca00ac2a0c"
        }
      ]
    }
  ],
  "cliVersion": "0.1.158"
}
